
Microsoft Visual Studio Solution File, Format Version 12.00
# Visual Studio Version 17
VisualStudioVersion = 17.2.32630.192
MinimumVisualStudioVersion = 10.0.40219.1
Project("{FAE04EC0-301F-11D3-BF4B-00C04F79EFBC}") = "CS lesson 3", "CS lesson 3\CS lesson 3.csproj", "{DC0E4DA6-B846-47AA-BAC9-231EBFE9DE53}"
EndProject
Global
	GlobalSection(SolutionConfigurationPlatforms) = preSolution
		Debug|Any CPU = Debug|Any CPU
		Release|Any CPU = Release|Any CPU
	EndGlobalSection
	GlobalSection(ProjectConfigurationPlatforms) = postSolution
		{DC0E4DA6-B846-47AA-BAC9-231EBFE9DE53}.Debug|Any CPU.ActiveCfg = Debug|Any CPU
		{DC0E4DA6-B846-47AA-BAC9-231EBFE9DE53}.Debug|Any CPU.Build.0 = Debug|Any CPU
		{DC0E4DA6-B846-47AA-BAC9-231EBFE9DE53}.Release|Any CPU.ActiveCfg = Release|Any CPU
		{DC0E4DA6-B846-47AA-BAC9-231EBFE9DE53}.Release|Any CPU.Build.0 = Release|Any CPU
	EndGlobalSection
	GlobalSection(SolutionProperties) = preSolution
		HideSolutionNode = FALSE
	EndGlobalSection
	GlobalSection(ExtensibilityGlobals) = postSolution
		SolutionGuid = {D39D2F1B-7F53-429F-8A13-B9E128A1E17B}
	EndGlobalSection
EndGlobal
